Microsoft Visual Studio Solution File, Format Version 12.00
# Visual Studio Version 17
VisualStudioVersion = 17.5.2.0
MinimumVisualStudioVersion = 10.0.40219.1
Project("{FAE04EC0-301F-11D3-BF4B-00C04F79EFBC}") = "neuron-gym", "neuron-gym.csproj", "{19EF4737-B383-BAAC-F19E-FA365B4C1849}"
EndProject
Global
	GlobalSection(SolutionConfigurationPlatforms) = preSolution
		Debug|Any CPU = Debug|Any CPU
		Release|Any CPU = Release|Any CPU
	EndGlobalSection
	GlobalSection(ProjectConfigurationPlatforms) = postSolution
		{19EF4737-B383-BAAC-F19E-FA365B4C1849}.Debug|Any CPU.ActiveCfg = Debug|Any CPU
		{19EF4737-B383-BAAC-F19E-FA365B4C1849}.Debug|Any CPU.Build.0 = Debug|Any CPU
		{19EF4737-B383-BAAC-F19E-FA365B4C1849}.Release|Any CPU.ActiveCfg = Release|Any CPU
		{19EF4737-B383-BAAC-F19E-FA365B4C1849}.Release|Any CPU.Build.0 = Release|Any CPU
	EndGlobalSection
	GlobalSection(SolutionProperties) = preSolution
		HideSolutionNode = FALSE
	EndGlobalSection
	GlobalSection(ExtensibilityGlobals) = postSolution
		SolutionGuid = {74BD314A-CC43-4A5C-8F28-4611D009881E}
	EndGlobalSection
EndGlobal
